{
	"name": "@lperezperez/fonts-css",
	"version": "0.0.1",
	"lockfileVersion": 3,
	"requires": true,
	"packages": {
		"": {
			"name": "@lperezperez/fonts-css",
			"version": "0.0.1",
			"license": "MIT",
			"dependencies": {
				"fs-extra": "^11.2.0",
				"handlebars": "^4.7.8"
			},
			"bin": {
				"fonts-css": "bin/cli.js"
			},
			"engines": {
				"node": ">=14.0.0"
			}
		},
		"node_modules/fs-extra": {
			"version": "11.3.2",
			"resolved": "https://registry.npmjs.org/fs-extra/-/fs-extra-11.3.2.tgz",
			"integrity": "sha512-Xr9F6z6up6Ws+NjzMCZc6WXg2YFRlrLP9NQDO3VQrWrfiojdhS56TzueT88ze0uBdCTwEIhQ3ptnmKeWGFAe0A==",
			"license": "MIT",
			"dependencies": {
				"graceful-fs": "^4.2.0",
				"jsonfile": "^6.0.1",
				"universalify": "^2.0.0"
			},
			"engines": {
				"node": ">=14.14"
			}
		},
		"node_modules/graceful-fs": {
			"version": "4.2.11",
			"license": "ISC"
		},
		"node_modules/handlebars": {
			"version": "4.7.8",
			"resolved": "https://registry.npmjs.org/handlebars/-/handlebars-4.7.8.tgz",
			"integrity": "sha512-vafaFqs8MZkRrSX7sFVUdo3ap/eNiLnb4IakshzvP56X5Nr1iGKAIqdX6tMlm6HcNRIkr6AxO5jFEoJzzpT8aQ==",
			"license": "MIT",
			"dependencies": {
				"minimist": "^1.2.5",
				"neo-async": "^2.6.2",
				"source-map": "^0.6.1",
				"wordwrap": "^1.0.0"
			},
			"bin": {
				"handlebars": "bin/handlebars"
			},
			"engines": {
				"node": ">=0.4.7"
			},
			"optionalDependencies": {
				"uglify-js": "^3.1.4"
			}
		},
		"node_modules/jsonfile": {
			"version": "6.2.0",
			"license": "MIT",
			"dependencies": {
				"universalify": "^2.0.0"
			},
			"optionalDependencies": {
				"graceful-fs": "^4.1.6"
			}
		},
		"node_modules/minimist": {
			"version": "1.2.8",
			"license": "MIT",
			"funding": {
				"url": "https://github.com/sponsors/ljharb"
			}
		},
		"node_modules/neo-async": {
			"version": "2.6.2",
			"license": "MIT"
		},
		"node_modules/source-map": {
			"version": "0.6.1",
			"license": "BSD-3-Clause",
			"engines": {
				"node": ">=0.10.0"
			}
		},
		"node_modules/uglify-js": {
			"version": "3.19.3",
			"license": "BSD-2-Clause",
			"optional": true,
			"bin": {
				"uglifyjs": "bin/uglifyjs"
			},
			"engines": {
				"node": ">=0.8.0"
			}
		},
		"node_modules/universalify": {
			"version": "2.0.1",
			"license": "MIT",
			"engines": {
				"node": ">= 10.0.0"
			}
		},
		"node_modules/wordwrap": {
			"version": "1.0.0",
			"license": "MIT"
		}
	}
}
